Microsoft Visual Studio Solution File, Format Version 12.00
# Visual Studio 2012
Project("{FAE04EC0-301F-11D3-BF4B-00C04F79EFBC}") = "Godot-ui-helpers", "Godot-ui-helpers.csproj", "{24830B58-7464-4C33-8A96-34D3AC29883D}"
EndProject
Global
	GlobalSection(SolutionConfigurationPlatforms) = preSolution
	Debug|Any CPU = Debug|Any CPU
	ExportDebug|Any CPU = ExportDebug|Any CPU
	ExportRelease|Any CPU = ExportRelease|Any CPU
	EndGlobalSection
	GlobalSection(ProjectConfigurationPlatforms) = postSolution
		{24830B58-7464-4C33-8A96-34D3AC29883D}.Debug|Any CPU.ActiveCfg = Debug|Any CPU
		{24830B58-7464-4C33-8A96-34D3AC29883D}.Debug|Any CPU.Build.0 = Debug|Any CPU
		{24830B58-7464-4C33-8A96-34D3AC29883D}.ExportDebug|Any CPU.ActiveCfg = ExportDebug|Any CPU
		{24830B58-7464-4C33-8A96-34D3AC29883D}.ExportDebug|Any CPU.Build.0 = ExportDebug|Any CPU
		{24830B58-7464-4C33-8A96-34D3AC29883D}.ExportRelease|Any CPU.ActiveCfg = ExportRelease|Any CPU
		{24830B58-7464-4C33-8A96-34D3AC29883D}.ExportRelease|Any CPU.Build.0 = ExportRelease|Any CPU
	EndGlobalSection
EndGlobal
